// !$*UTF8*$!
{
	archiveVersion = 1;
	classes = {
	};
	objectVersion = 55;
	objects = {

/* Begin PBXBuildFile section */
		FAFEB367277F18FD009D3CB0 /* 1_MyStr.c in Sources */ = {isa = PBXBuildFile; fileRef = FAFEB366277F18FD009D3CB0 /* 1_MyStr.c */; };
		FAFEB384277F3406009D3CB0 /* _2&3_PrintNumofWords.c in Sources */ = {isa = PBXBuildFile; fileRef = FAFEB37E277F33F7009D3CB0 /* _2&3_PrintNumofWords.c */; };
		FAFEB38C277F3921009D3CB0 /* 4_ReverseStr.c in Sources */ = {isa = PBXBuildFile; fileRef = FAFEB38B277F3921009D3CB0 /* 4_ReverseStr.c */; };
/* End PBXBuildFile section */

/* Begin PBXCopyFilesBuildPhase section */
		FAFEB362277F18FD009D3CB0 /* CopyFiles */ = {
			isa = PBXCopyFilesBuildPhase;
			buildActionMask = 2147483647;
			dstPath = /usr/share/man/man1/;
			dstSubfolderSpec = 0;
			files = (
			);
			runOnlyForDeploymentPostprocessing = 1;
		};
		FAFEB37A277F33F7009D3CB0 /* CopyFiles */ = {
			isa = PBXCopyFilesBuildPhase;
			buildActionMask = 2147483647;
			dstPath = /usr/share/man/man1/;
			dstSubfolderSpec = 0;
			files = (
			);
			runOnlyForDeploymentPostprocessing = 1;
		};
		FAFEB387277F3921009D3CB0 /* CopyFiles */ = {
			isa = PBXCopyFilesBuildPhase;
			buildActionMask = 2147483647;
			dstPath = /usr/share/man/man1/;
			dstSubfolderSpec = 0;
			files = (
			);
			runOnlyForDeploymentPostprocessing = 1;
		};
/* End PBXCopyFilesBuildPhase section */

/* Begin PBXFileReference section */
		FAFEB364277F18FD009D3CB0 /* 1_MyStr */ = {isa = PBXFileReference; explicitFileType = "compiled.mach-o.executable"; includeInIndex = 0; path = 1_MyStr; sourceTree = BUILT_PRODUCTS_DIR; };
		FAFEB366277F18FD009D3CB0 /* 1_MyStr.c */ = {isa = PBXFileReference; lastKnownFileType = sourcecode.c.c; path = 1_MyStr.c; sourceTree = "<group>"; };
		FAFEB37C277F33F7009D3CB0 /* _2&3_PrintNumofWords */ = {isa = PBXFileReference; explicitFileType = "compiled.mach-o.executable"; includeInIndex = 0; path = "_2&3_PrintNumofWords"; sourceTree = BUILT_PRODUCTS_DIR; };
		FAFEB37E277F33F7009D3CB0 /* _2&3_PrintNumofWords.c */ = {isa = PBXFileReference; lastKnownFileType = sourcecode.c.c; path = "_2&3_PrintNumofWords.c"; sourceTree = "<group>"; };
		FAFEB389277F3921009D3CB0 /* 4_ReverseStr */ = {isa = PBXFileReference; explicitFileType = "compiled.mach-o.executable"; includeInIndex = 0; path = 4_ReverseStr; sourceTree = BUILT_PRODUCTS_DIR; };
		FAFEB38B277F3921009D3CB0 /* 4_ReverseStr.c */ = {isa = PBXFileReference; lastKnownFileType = sourcecode.c.c; path = 4_ReverseStr.c; sourceTree = "<group>"; };
/* End PBXFileReference section */

/* Begin PBXFrameworksBuildPhase section */
		FAFEB361277F18FD009D3CB0 /* Frameworks */ = {
			isa = PBXFrameworksBuildPhase;
			buildActionMask = 2147483647;
			files = (
			);
			runOnlyForDeploymentPostprocessing = 0;
		};
		FAFEB379277F33F7009D3CB0 /* Frameworks */ = {
			isa = PBXFrameworksBuildPhase;
			buildActionMask = 2147483647;
			files = (
			);
			runOnlyForDeploymentPostprocessing = 0;
		};
		FAFEB386277F3921009D3CB0 /* Frameworks */ = {
			isa = PBXFrameworksBuildPhase;
			buildActionMask = 2147483647;
			files = (
			);
			runOnlyForDeploymentPostprocessing = 0;
		};
/* End PBXFrameworksBuildPhase section */

/* Begin PBXGroup section */
		FAFEB32B277F1837009D3CB0 = {
			isa = PBXGroup;
			children = (
				FAFEB366277F18FD009D3CB0 /* 1_MyStr.c */,
				FAFEB37E277F33F7009D3CB0 /* _2&3_PrintNumofWords.c */,
				FAFEB38B277F3921009D3CB0 /* 4_ReverseStr.c */,
				FAFEB335277F1837009D3CB0 /* Products */,
			);
			sourceTree = "<group>";
		};
		FAFEB335277F1837009D3CB0 /* Products */ = {
			isa = PBXGroup;
			children = (
				FAFEB364277F18FD009D3CB0 /* 1_MyStr */,
				FAFEB37C277F33F7009D3CB0 /* _2&3_PrintNumofWords */,
				FAFEB389277F3921009D3CB0 /* 4_ReverseStr */,
			);
			name = Products;
			sourceTree = "<group>";
		};
/* End PBXGroup section */

/* Begin PBXNativeTarget section */
		FAFEB363277F18FD009D3CB0 /* 1_MyStr */ = {
			isa = PBXNativeTarget;
			buildConfigurationList = FAFEB36A277F18FD009D3CB0 /* Build configuration list for PBXNativeTarget "1_MyStr" */;
			buildPhases = (
				FAFEB360277F18FD009D3CB0 /* Sources */,
				FAFEB361277F18FD009D3CB0 /* Frameworks */,
				FAFEB362277F18FD009D3CB0 /* CopyFiles */,
			);
			buildRules = (
			);
			dependencies = (
			);
			name = 1_MyStr;
			productName = 1_MyStr;
			productReference = FAFEB364277F18FD009D3CB0 /* 1_MyStr */;
			productType = "com.apple.product-type.tool";
		};
		FAFEB37B277F33F7009D3CB0 /* _2&3_PrintNumofWords */ = {
			isa = PBXNativeTarget;
			buildConfigurationList = FAFEB380277F33F7009D3CB0 /* Build configuration list for PBXNativeTarget "_2&3_PrintNumofWords" */;
			buildPhases = (
				FAFEB378277F33F7009D3CB0 /* Sources */,
				FAFEB379277F33F7009D3CB0 /* Frameworks */,
				FAFEB37A277F33F7009D3CB0 /* CopyFiles */,
			);
			buildRules = (
			);
			dependencies = (
			);
			name = "_2&3_PrintNumofWords";
			productName = "_2&3_PrintNumofWords";
			productReference = FAFEB37C277F33F7009D3CB0 /* _2&3_PrintNumofWords */;
			productType = "com.apple.product-type.tool";
		};
		FAFEB388277F3921009D3CB0 /* 4_ReverseStr */ = {
			isa = PBXNativeTarget;
			buildConfigurationList = FAFEB38D277F3921009D3CB0 /* Build configuration list for PBXNativeTarget "4_ReverseStr" */;
			buildPhases = (
				FAFEB385277F3921009D3CB0 /* Sources */,
				FAFEB386277F3921009D3CB0 /* Frameworks */,
				FAFEB387277F3921009D3CB0 /* CopyFiles */,
			);
			buildRules = (
			);
			dependencies = (
			);
			name = 4_ReverseStr;
			productName = 4_ReverseStr;
			productReference = FAFEB389277F3921009D3CB0 /* 4_ReverseStr */;
			productType = "com.apple.product-type.tool";
		};
/* End PBXNativeTarget section */

/* Begin PBXProject section */
		FAFEB32C277F1837009D3CB0 /* Project object */ = {
			isa = PBXProject;
			attributes = {
				BuildIndependentTargetsInParallel = 1;
				LastUpgradeCheck = 1320;
				TargetAttributes = {
					FAFEB363277F18FD009D3CB0 = {
						CreatedOnToolsVersion = 13.2.1;
					};
					FAFEB37B277F33F7009D3CB0 = {
						CreatedOnToolsVersion = 13.2.1;
					};
					FAFEB388277F3921009D3CB0 = {
						CreatedOnToolsVersion = 13.2.1;
					};
				};
			};
			buildConfigurationList = FAFEB32F277F1837009D3CB0 /* Build configuration list for PBXProject "day4" */;
			compatibilityVersion = "Xcode 13.0";
			developmentRegion = en;
			hasScannedForEncodings = 0;
			knownRegions = (
				en,
				Base,
			);
			mainGroup = FAFEB32B277F1837009D3CB0;
			productRefGroup = FAFEB335277F1837009D3CB0 /* Products */;
			projectDirPath = "";
			projectRoot = "";
			targets = (
				FAFEB363277F18FD009D3CB0 /* 1_MyStr */,
				FAFEB37B277F33F7009D3CB0 /* _2&3_PrintNumofWords */,
				FAFEB388277F3921009D3CB0 /* 4_ReverseStr */,
			);
		};
/* End PBXProject section */

/* Begin PBXSourcesBuildPhase section */
		FAFEB360277F18FD009D3CB0 /* Sources */ = {
			isa = PBXSourcesBuildPhase;
			buildActionMask = 2147483647;
			files = (
				FAFEB367277F18FD009D3CB0 /* 1_MyStr.c in Sources */,
			);
			runOnlyForDeploymentPostprocessing = 0;
		};
		FAFEB378277F33F7009D3CB0 /* Sources */ = {
			isa = PBXSourcesBuildPhase;
			buildActionMask = 2147483647;
			files = (
				FAFEB384277F3406009D3CB0 /* _2&3_PrintNumofWords.c in Sources */,
			);
			runOnlyForDeploymentPostprocessing = 0;
		};
		FAFEB385277F3921009D3CB0 /* Sources */ = {
			isa = PBXSourcesBuildPhase;
			buildActionMask = 2147483647;
			files = (
				FAFEB38C277F3921009D3CB0 /* 4_ReverseStr.c in Sources */,
			);
			runOnlyForDeploymentPostprocessing = 0;
		};
/* End PBXSourcesBuildPhase section */

/* Begin XCBuildConfiguration section */
		FAFEB339277F1837009D3CB0 /* Debug */ = {
			isa = XCBuildConfiguration;
			buildSettings = {
				ALWAYS_SEARCH_USER_PATHS = NO;
				CLANG_ANALYZER_NONNULL = YES;
				CLANG_ANALYZER_NUMBER_OBJECT_CONVERSION = YES_AGGRESSIVE;
				CLANG_CXX_LANGUAGE_STANDARD = "gnu++17";
				CLANG_CXX_LIBRARY = "libc++";
				CLANG_ENABLE_MODULES = YES;
				CLANG_ENABLE_OBJC_ARC = YES;
				CLANG_ENABLE_OBJC_WEAK = YES;
				CLANG_WARN_BLOCK_CAPTURE_AUTORELEASING = YES;
				CLANG_WARN_BOOL_CONVERSION = YES;
				CLANG_WARN_COMMA = YES;
				CLANG_WARN_CONSTANT_CONVERSION = YES;
				CLANG_WARN_DEPRECATED_OBJC_IMPLEMENTATIONS = YES;
				CLANG_WARN_DIRECT_OBJC_ISA_USAGE = YES_ERROR;
				CLANG_WARN_DOCUMENTATION_COMMENTS = YES;
				CLANG_WARN_EMPTY_BODY = YES;
				CLANG_WARN_ENUM_CONVERSION = YES;
				CLANG_WARN_INFINITE_RECURSION = YES;
				CLANG_WARN_INT_CONVERSION = YES;
				CLANG_WARN_NON_LITERAL_NULL_CONVERSION = YES;
				CLANG_WARN_OBJC_IMPLICIT_RETAIN_SELF = YES;
				CLANG_WARN_OBJC_LITERAL_CONVERSION = YES;
				CLANG_WARN_OBJC_ROOT_CLASS = YES_ERROR;
				CLANG_WARN_QUOTED_INCLUDE_IN_FRAMEWORK_HEADER = YES;
				CLANG_WARN_RANGE_LOOP_ANALYSIS = YES;
				CLANG_WARN_STRICT_PROTOTYPES = YES;
				CLANG_WARN_SUSPICIOUS_MOVE = YES;
				CLANG_WARN_UNGUARDED_AVAILABILITY = YES_AGGRESSIVE;
				CLANG_WARN_UNREACHABLE_CODE = YES;
				CLANG_WARN__DUPLICATE_METHOD_MATCH = YES;
				COPY_PHASE_STRIP = NO;
				DEBUG_INFORMATION_FORMAT = dwarf;
				ENABLE_STRICT_OBJC_MSGSEND = YES;
				ENABLE_TESTABILITY = YES;
				GCC_C_LANGUAGE_STANDARD = gnu11;
				GCC_DYNAMIC_NO_PIC = NO;
				GCC_NO_COMMON_BLOCKS = YES;
				GCC_OPTIMIZATION_LEVEL = 0;
				GCC_PREPROCESSOR_DEFINITIONS = (
					"DEBUG=1",
					"$(inherited)",
				);
				GCC_WARN_64_TO_32_BIT_CONVERSION = YES;
				GCC_WARN_ABOUT_RETURN_TYPE = YES_ERROR;
				GCC_WARN_UNDECLARED_SELECTOR = YES;
				GCC_WARN_UNINITIALIZED_AUTOS = YES_AGGRESSIVE;
				GCC_WARN_UNUSED_FUNCTION = YES;
				GCC_WARN_UNUSED_VARIABLE = YES;
				MACOSX_DEPLOYMENT_TARGET = 12.0;
				MTL_ENABLE_DEBUG_INFO = INCLUDE_SOURCE;
				MTL_FAST_MATH = YES;
				ONLY_ACTIVE_ARCH = YES;
				SDKROOT = macosx;
			};
			name = Debug;
		};
		FAFEB33A277F1837009D3CB0 /* Release */ = {
			isa = XCBuildConfiguration;
			buildSettings = {
				ALWAYS_SEARCH_USER_PATHS = NO;
				CLANG_ANALYZER_NONNULL = YES;
				CLANG_ANALYZER_NUMBER_OBJECT_CONVERSION = YES_AGGRESSIVE;
				CLANG_CXX_LANGUAGE_STANDARD = "gnu++17";
				CLANG_CXX_LIBRARY = "libc++";
				CLANG_ENABLE_MODULES = YES;
				CLANG_ENABLE_OBJC_ARC = YES;
				CLANG_ENABLE_OBJC_WEAK = YES;
				CLANG_WARN_BLOCK_CAPTURE_AUTORELEASING = YES;
				CLANG_WARN_BOOL_CONVERSION = YES;
				CLANG_WARN_COMMA = YES;
				CLANG_WARN_CONSTANT_CONVERSION = YES;
				CLANG_WARN_DEPRECATED_OBJC_IMPLEMENTATIONS = YES;
				CLANG_WARN_DIRECT_OBJC_ISA_USAGE = YES_ERROR;
				CLANG_WARN_DOCUMENTATION_COMMENTS = YES;
				CLANG_WARN_EMPTY_BODY = YES;
				CLANG_WARN_ENUM_CONVERSION = YES;
				CLANG_WARN_INFINITE_RECURSION = YES;
				CLANG_WARN_INT_CONVERSION = YES;
				CLANG_WARN_NON_LITERAL_NULL_CONVERSION = YES;
				CLANG_WARN_OBJC_IMPLICIT_RETAIN_SELF = YES;
				CLANG_WARN_OBJC_LITERAL_CONVERSION = YES;
				CLANG_WARN_OBJC_ROOT_CLASS = YES_ERROR;
				CLANG_WARN_QUOTED_INCLUDE_IN_FRAMEWORK_HEADER = YES;
				CLANG_WARN_RANGE_LOOP_ANALYSIS = YES;
				CLANG_WARN_STRICT_PROTOTYPES = YES;
				CLANG_WARN_SUSPICIOUS_MOVE = YES;
				CLANG_WARN_UNGUARDED_AVAILABILITY = YES_AGGRESSIVE;
				CLANG_WARN_UNREACHABLE_CODE = YES;
				CLANG_WARN__DUPLICATE_METHOD_MATCH = YES;
				COPY_PHASE_STRIP = NO;
				DEBUG_INFORMATION_FORMAT = "dwarf-with-dsym";
				ENABLE_NS_ASSERTIONS = NO;
				ENABLE_STRICT_OBJC_MSGSEND = YES;
				GCC_C_LANGUAGE_STANDARD = gnu11;
				GCC_NO_COMMON_BLOCKS = YES;
				GCC_WARN_64_TO_32_BIT_CONVERSION = YES;
				GCC_WARN_ABOUT_RETURN_TYPE = YES_ERROR;
				GCC_WARN_UNDECLARED_SELECTOR = YES;
				GCC_WARN_UNINITIALIZED_AUTOS = YES_AGGRESSIVE;
				GCC_WARN_UNUSED_FUNCTION = YES;
				GCC_WARN_UNUSED_VARIABLE = YES;
				MACOSX_DEPLOYMENT_TARGET = 12.0;
				MTL_ENABLE_DEBUG_INFO = NO;
				MTL_FAST_MATH = YES;
				SDKROOT = macosx;
			};
			name = Release;
		};
		FAFEB368277F18FD009D3CB0 /* Debug */ = {
			isa = XCBuildConfiguration;
			buildSettings = {
				CODE_SIGN_STYLE = Automatic;
				PRODUCT_NAME = "$(TARGET_NAME)";
			};
			name = Debug;
		};
		FAFEB369277F18FD009D3CB0 /* Release */ = {
			isa = XCBuildConfiguration;
			buildSettings = {
				CODE_SIGN_STYLE = Automatic;
				PRODUCT_NAME = "$(TARGET_NAME)";
			};
			name = Release;
		};
		FAFEB381277F33F7009D3CB0 /* Debug */ = {
			isa = XCBuildConfiguration;
			buildSettings = {
				CODE_SIGN_STYLE = Automatic;
				PRODUCT_NAME = "$(TARGET_NAME)";
			};
			name = Debug;
		};
		FAFEB382277F33F7009D3CB0 /* Release */ = {
			isa = XCBuildConfiguration;
			buildSettings = {
				CODE_SIGN_STYLE = Automatic;
				PRODUCT_NAME = "$(TARGET_NAME)";
			};
			name = Release;
		};
		FAFEB38E277F3921009D3CB0 /* Debug */ = {
			isa = XCBuildConfiguration;
			buildSettings = {
				CODE_SIGN_STYLE = Automatic;
				PRODUCT_NAME = "$(TARGET_NAME)";
			};
			name = Debug;
		};
		FAFEB38F277F3921009D3CB0 /* Release */ = {
			isa = XCBuildConfiguration;
			buildSettings = {
				CODE_SIGN_STYLE = Automatic;
				PRODUCT_NAME = "$(TARGET_NAME)";
			};
			name = Release;
		};
/* End XCBuildConfiguration section */

/* Begin XCConfigurationList section */
		FAFEB32F277F1837009D3CB0 /* Build configuration list for PBXProject "day4" */ = {
			isa = XCConfigurationList;
			buildConfigurations = (
				FAFEB339277F1837009D3CB0 /* Debug */,
				FAFEB33A277F1837009D3CB0 /* Release */,
			);
			defaultConfigurationIsVisible = 0;
			defaultConfigurationName = Release;
		};
		FAFEB36A277F18FD009D3CB0 /* Build configuration list for PBXNativeTarget "1_MyStr" */ = {
			isa = XCConfigurationList;
			buildConfigurations = (
				FAFEB368277F18FD009D3CB0 /* Debug */,
				FAFEB369277F18FD009D3CB0 /* Release */,
			);
			defaultConfigurationIsVisible = 0;
			defaultConfigurationName = Release;
		};
		FAFEB380277F33F7009D3CB0 /* Build configuration list for PBXNativeTarget "_2&3_PrintNumofWords" */ = {
			isa = XCConfigurationList;
			buildConfigurations = (
				FAFEB381277F33F7009D3CB0 /* Debug */,
				FAFEB382277F33F7009D3CB0 /* Release */,
			);
			defaultConfigurationIsVisible = 0;
			defaultConfigurationName = Release;
		};
		FAFEB38D277F3921009D3CB0 /* Build configuration list for PBXNativeTarget "4_ReverseStr" */ = {
			isa = XCConfigurationList;
			buildConfigurations = (
				FAFEB38E277F3921009D3CB0 /* Debug */,
				FAFEB38F277F3921009D3CB0 /* Release */,
			);
			defaultConfigurationIsVisible = 0;
			defaultConfigurationName = Release;
		};
/* End XCConfigurationList section */
	};
	rootObject = FAFEB32C277F1837009D3CB0 /* Project object */;
}
